
Microsoft Visual Studio Solution File, Format Version 12.00
Project("{FAE04EC0-301F-11D3-BF4B-00C04F79EFBC}") = "CSHTML5.Vsix", "CSHTML5.Vsix\CSHTML5.Vsix.csproj", "{020505E7-4B79-4809-99D6-61C38EDEB12C}"
EndProject
Project("{FAE04EC0-301F-11D3-BF4B-00C04F79EFBC}") = "DotNetForHtml5.MigrationWizard", "DotNetForHtml5.MigrationWizard\DotNetForHtml5.MigrationWizard.csproj", "{0813BD0B-E7B5-49AC-8C7C-28C880A50BD5}"
EndProject
Project("{FAE04EC0-301F-11D3-BF4B-00C04F79EFBC}") = "DotNetForHtml5.VisualStudioExtension.Editor.SplittedXamlEditor", "DotNetForHtml5.VisualStudioExtension.Editor.SplittedXamlEditor\DotNetForHtml5.VisualStudioExtension.Editor.SplittedXamlEditor.csproj", "{756A216F-62A2-4277-8F48-D1CE0D5565AF}"
EndProject
Project("{FAE04EC0-301F-11D3-BF4B-00C04F79EFBC}") = "DotNetForHtml5.VisualStudioExtension.Editor.XamlDesigner", "DotNetForHtml5.VisualStudioExtension.Editor.XamlDesigner\DotNetForHtml5.VisualStudioExtension.Editor.XamlDesigner.csproj", "{239BBB6C-1322-411A-8D60-B86AD62AC466}"
EndProject
Project("{FAE04EC0-301F-11D3-BF4B-00C04F79EFBC}") = "DotNetForHtml5.VisualStudioExtension.ShellIntegration", "DotNetForHtml5.VisualStudioExtension.ShellIntegration\DotNetForHtml5.VisualStudioExtension.ShellIntegration.csproj", "{F97EBEAB-6CFF-4243-A6F2-C7C368CB6870}"
EndProject
Global
	GlobalSection(SolutionConfigurationPlatforms) = preSolution
		Debug|Any CPU = Debug|Any CPU
		Release|Any CPU = Release|Any CPU
	EndGlobalSection
	GlobalSection(ProjectConfigurationPlatforms) = postSolution
		{020505E7-4B79-4809-99D6-61C38EDEB12C}.Debug|Any CPU.ActiveCfg = Debug|Any CPU
		{020505E7-4B79-4809-99D6-61C38EDEB12C}.Debug|Any CPU.Build.0 = Debug|Any CPU
		{020505E7-4B79-4809-99D6-61C38EDEB12C}.Release|Any CPU.ActiveCfg = Release|Any CPU
		{020505E7-4B79-4809-99D6-61C38EDEB12C}.Release|Any CPU.Build.0 = Release|Any CPU
		{0813BD0B-E7B5-49AC-8C7C-28C880A50BD5}.Debug|Any CPU.ActiveCfg = Debug|Any CPU
		{0813BD0B-E7B5-49AC-8C7C-28C880A50BD5}.Debug|Any CPU.Build.0 = Debug|Any CPU
		{0813BD0B-E7B5-49AC-8C7C-28C880A50BD5}.Release|Any CPU.ActiveCfg = Release|Any CPU
		{0813BD0B-E7B5-49AC-8C7C-28C880A50BD5}.Release|Any CPU.Build.0 = Release|Any CPU
		{756A216F-62A2-4277-8F48-D1CE0D5565AF}.Debug|Any CPU.ActiveCfg = Debug|Any CPU
		{756A216F-62A2-4277-8F48-D1CE0D5565AF}.Debug|Any CPU.Build.0 = Debug|Any CPU
		{756A216F-62A2-4277-8F48-D1CE0D5565AF}.Release|Any CPU.ActiveCfg = Release|Any CPU
		{756A216F-62A2-4277-8F48-D1CE0D5565AF}.Release|Any CPU.Build.0 = Release|Any CPU
		{239BBB6C-1322-411A-8D60-B86AD62AC466}.Debug|Any CPU.ActiveCfg = Debug|Any CPU
		{239BBB6C-1322-411A-8D60-B86AD62AC466}.Debug|Any CPU.Build.0 = Debug|Any CPU
		{239BBB6C-1322-411A-8D60-B86AD62AC466}.Release|Any CPU.ActiveCfg = Release|Any CPU
		{239BBB6C-1322-411A-8D60-B86AD62AC466}.Release|Any CPU.Build.0 = Release|Any CPU
		{F97EBEAB-6CFF-4243-A6F2-C7C368CB6870}.Debug|Any CPU.ActiveCfg = Debug|Any CPU
		{F97EBEAB-6CFF-4243-A6F2-C7C368CB6870}.Debug|Any CPU.Build.0 = Debug|Any CPU
		{F97EBEAB-6CFF-4243-A6F2-C7C368CB6870}.Release|Any CPU.ActiveCfg = Release|Any CPU
		{F97EBEAB-6CFF-4243-A6F2-C7C368CB6870}.Release|Any CPU.Build.0 = Release|Any CPU
	EndGlobalSection
EndGlobal
