
Microsoft Visual Studio Solution File, Format Version 12.00
# Visual Studio Version 16
VisualStudioVersion = 16.0.29709.97
MinimumVisualStudioVersion = 10.0.40219.1
Project("{FAE04EC0-301F-11D3-BF4B-00C04F79EFBC}") = "Runtime.CSHTML5", "Runtime\Runtime\Runtime.CSHTML5.csproj", "{03DFD03A-5639-4523-901A-8310296A4317}"
EndProject
Project("{2150E333-8FDC-42A3-9474-1A3956D46DE8}") = "Compiler", "Compiler", "{2E787B1C-578A-40EA-A11D-5EBA11AD47DE}"
EndProject
Project("{2150E333-8FDC-42A3-9474-1A3956D46DE8}") = "Runtime", "Runtime", "{6434AA8B-D0A8-4AA6-85D4-460030EC3C3D}"
EndProject
Project("{2150E333-8FDC-42A3-9474-1A3956D46DE8}") = "Simulator", "Simulator", "{1E26ACBC-E789-4158-9A7F-621C99100933}"
EndProject
Project("{FAE04EC0-301F-11D3-BF4B-00C04F79EFBC}") = "Compiler.CSHTML5", "Compiler\Compiler\Compiler.CSHTML5.csproj", "{B8EBBAB8-D2A2-4B65-A196-245F5BA573D0}"
EndProject
Project("{FAE04EC0-301F-11D3-BF4B-00C04F79EFBC}") = "Compiler.Common.CSHTML5", "Compiler\Compiler.Common\Compiler.Common.CSHTML5.csproj", "{4ECAD5CD-91DF-48F6-9E9F-AE0A6E7622A8}"
EndProject
Project("{FAE04EC0-301F-11D3-BF4B-00C04F79EFBC}") = "Compiler.ProgressDialog.CSHTML5", "Compiler\Compiler.ProgressDialog\Compiler.ProgressDialog.CSHTML5.csproj", "{4DDCEEBE-B5CA-4A29-87B0-29FF42AB7A0D}"
EndProject
Project("{FAE04EC0-301F-11D3-BF4B-00C04F79EFBC}") = "Compiler.TypeScriptDefToCSharp.CSHTML5", "Compiler\Compiler.TypeScriptDefToCSharp\Compiler.TypeScriptDefToCSharp.CSHTML5.csproj", "{4D0CA743-4F06-40DA-92D7-F31D8F395E2A}"
EndProject
Project("{FAE04EC0-301F-11D3-BF4B-00C04F79EFBC}") = "Simulator.CSHTML5", "Simulator\Simulator\Simulator.CSHTML5.csproj", "{BAB1B2F6-0152-4194-95A1-7D472D10B2E0}"
EndProject
Project("{FAE04EC0-301F-11D3-BF4B-00C04F79EFBC}") = "LocalServer.CSHTML5", "Simulator\LocalServer\LocalServer.CSHTML5.csproj", "{CE83DD64-BCFD-4B71-8965-88D9EB76D16B}"
EndProject
Project("{FAE04EC0-301F-11D3-BF4B-00C04F79EFBC}") = "Bridge.TypeForwarding.CSHTML5", "Runtime\Bridge.TypeForwarding\Bridge.TypeForwarding.CSHTML5.csproj", "{532A9600-95A6-462F-BF3B-8F045DC11158}"
EndProject
Project("{FAE04EC0-301F-11D3-BF4B-00C04F79EFBC}") = "Bridge.TypesThatWillBeForwarded.CSHTML5", "Runtime\Bridge.TypesThatWillBeForwarded\Bridge.TypesThatWillBeForwarded.CSHTML5.csproj", "{319582E2-61E2-429A-973C-950CDA0D5D1D}"
EndProject
Project("{2150E333-8FDC-42A3-9474-1A3956D46DE8}") = "Targets", "Targets", "{E344E652-C114-43B4-A664-A89E91AB966C}"
	ProjectSection(SolutionItems) = preProject
		Targets\Bridge.Min.targets = Targets\Bridge.Min.targets
		Targets\CSHTML5.Common.targets = Targets\CSHTML5.Common.targets
		Targets\CSHTML5.Migration.targets = Targets\CSHTML5.Migration.targets
		Targets\CSHTML5.targets = Targets\CSHTML5.targets
	EndProjectSection
EndProject
Project("{FAE04EC0-301F-11D3-BF4B-00C04F79EFBC}") = "Controls.Data.Input.CSHTML5", "Runtime\Controls.Data.Input\Controls.Data.Input.CSHTML5.csproj", "{3A3BA3C1-5F56-4066-BCDE-EA80A8A1A65D}"
EndProject
Global
	GlobalSection(SolutionConfigurationPlatforms) = preSolution
		Debug|Any CPU = Debug|Any CPU
		Migration|Any CPU = Migration|Any CPU
	EndGlobalSection
	GlobalSection(ProjectConfigurationPlatforms) = postSolution
		{03DFD03A-5639-4523-901A-8310296A4317}.Debug|Any CPU.ActiveCfg = Debug|Any CPU
		{03DFD03A-5639-4523-901A-8310296A4317}.Debug|Any CPU.Build.0 = Debug|Any CPU
		{03DFD03A-5639-4523-901A-8310296A4317}.Migration|Any CPU.ActiveCfg = Migration|Any CPU
		{03DFD03A-5639-4523-901A-8310296A4317}.Migration|Any CPU.Build.0 = Migration|Any CPU
		{B8EBBAB8-D2A2-4B65-A196-245F5BA573D0}.Debug|Any CPU.ActiveCfg = Debug|Any CPU
		{B8EBBAB8-D2A2-4B65-A196-245F5BA573D0}.Debug|Any CPU.Build.0 = Debug|Any CPU
		{B8EBBAB8-D2A2-4B65-A196-245F5BA573D0}.Migration|Any CPU.ActiveCfg = Migration|Any CPU
		{B8EBBAB8-D2A2-4B65-A196-245F5BA573D0}.Migration|Any CPU.Build.0 = Migration|Any CPU
		{4ECAD5CD-91DF-48F6-9E9F-AE0A6E7622A8}.Debug|Any CPU.ActiveCfg = Debug|Any CPU
		{4ECAD5CD-91DF-48F6-9E9F-AE0A6E7622A8}.Debug|Any CPU.Build.0 = Debug|Any CPU
		{4ECAD5CD-91DF-48F6-9E9F-AE0A6E7622A8}.Migration|Any CPU.ActiveCfg = Migration|Any CPU
		{4ECAD5CD-91DF-48F6-9E9F-AE0A6E7622A8}.Migration|Any CPU.Build.0 = Migration|Any CPU
		{4DDCEEBE-B5CA-4A29-87B0-29FF42AB7A0D}.Debug|Any CPU.ActiveCfg = Debug|Any CPU
		{4DDCEEBE-B5CA-4A29-87B0-29FF42AB7A0D}.Debug|Any CPU.Build.0 = Debug|Any CPU
		{4DDCEEBE-B5CA-4A29-87B0-29FF42AB7A0D}.Migration|Any CPU.ActiveCfg = Migration|Any CPU
		{4DDCEEBE-B5CA-4A29-87B0-29FF42AB7A0D}.Migration|Any CPU.Build.0 = Migration|Any CPU
		{4D0CA743-4F06-40DA-92D7-F31D8F395E2A}.Debug|Any CPU.ActiveCfg = Debug|Any CPU
		{4D0CA743-4F06-40DA-92D7-F31D8F395E2A}.Debug|Any CPU.Build.0 = Debug|Any CPU
		{4D0CA743-4F06-40DA-92D7-F31D8F395E2A}.Migration|Any CPU.ActiveCfg = Migration|Any CPU
		{4D0CA743-4F06-40DA-92D7-F31D8F395E2A}.Migration|Any CPU.Build.0 = Migration|Any CPU
		{BAB1B2F6-0152-4194-95A1-7D472D10B2E0}.Debug|Any CPU.ActiveCfg = Debug|Any CPU
		{BAB1B2F6-0152-4194-95A1-7D472D10B2E0}.Debug|Any CPU.Build.0 = Debug|Any CPU
		{BAB1B2F6-0152-4194-95A1-7D472D10B2E0}.Migration|Any CPU.ActiveCfg = Migration|Any CPU
		{BAB1B2F6-0152-4194-95A1-7D472D10B2E0}.Migration|Any CPU.Build.0 = Migration|Any CPU
		{CE83DD64-BCFD-4B71-8965-88D9EB76D16B}.Debug|Any CPU.ActiveCfg = Debug|Any CPU
		{CE83DD64-BCFD-4B71-8965-88D9EB76D16B}.Debug|Any CPU.Build.0 = Debug|Any CPU
		{CE83DD64-BCFD-4B71-8965-88D9EB76D16B}.Migration|Any CPU.ActiveCfg = Migration|Any CPU
		{CE83DD64-BCFD-4B71-8965-88D9EB76D16B}.Migration|Any CPU.Build.0 = Migration|Any CPU
		{532A9600-95A6-462F-BF3B-8F045DC11158}.Debug|Any CPU.ActiveCfg = Debug|Any CPU
		{532A9600-95A6-462F-BF3B-8F045DC11158}.Debug|Any CPU.Build.0 = Debug|Any CPU
		{532A9600-95A6-462F-BF3B-8F045DC11158}.Migration|Any CPU.ActiveCfg = Migration|Any CPU
		{532A9600-95A6-462F-BF3B-8F045DC11158}.Migration|Any CPU.Build.0 = Migration|Any CPU
		{319582E2-61E2-429A-973C-950CDA0D5D1D}.Debug|Any CPU.ActiveCfg = Debug|Any CPU
		{319582E2-61E2-429A-973C-950CDA0D5D1D}.Debug|Any CPU.Build.0 = Debug|Any CPU
		{319582E2-61E2-429A-973C-950CDA0D5D1D}.Migration|Any CPU.ActiveCfg = Migration|Any CPU
		{319582E2-61E2-429A-973C-950CDA0D5D1D}.Migration|Any CPU.Build.0 = Migration|Any CPU
		{3A3BA3C1-5F56-4066-BCDE-EA80A8A1A65D}.Debug|Any CPU.ActiveCfg = Debug|Any CPU
		{3A3BA3C1-5F56-4066-BCDE-EA80A8A1A65D}.Debug|Any CPU.Build.0 = Debug|Any CPU
		{3A3BA3C1-5F56-4066-BCDE-EA80A8A1A65D}.Migration|Any CPU.ActiveCfg = Migration|Any CPU
		{3A3BA3C1-5F56-4066-BCDE-EA80A8A1A65D}.Migration|Any CPU.Build.0 = Migration|Any CPU
	EndGlobalSection
	GlobalSection(SolutionProperties) = preSolution
		HideSolutionNode = FALSE
	EndGlobalSection
	GlobalSection(NestedProjects) = preSolution
		{03DFD03A-5639-4523-901A-8310296A4317} = {6434AA8B-D0A8-4AA6-85D4-460030EC3C3D}
		{B8EBBAB8-D2A2-4B65-A196-245F5BA573D0} = {2E787B1C-578A-40EA-A11D-5EBA11AD47DE}
		{4ECAD5CD-91DF-48F6-9E9F-AE0A6E7622A8} = {2E787B1C-578A-40EA-A11D-5EBA11AD47DE}
		{4DDCEEBE-B5CA-4A29-87B0-29FF42AB7A0D} = {2E787B1C-578A-40EA-A11D-5EBA11AD47DE}
		{4D0CA743-4F06-40DA-92D7-F31D8F395E2A} = {2E787B1C-578A-40EA-A11D-5EBA11AD47DE}
		{BAB1B2F6-0152-4194-95A1-7D472D10B2E0} = {1E26ACBC-E789-4158-9A7F-621C99100933}
		{CE83DD64-BCFD-4B71-8965-88D9EB76D16B} = {1E26ACBC-E789-4158-9A7F-621C99100933}
		{532A9600-95A6-462F-BF3B-8F045DC11158} = {6434AA8B-D0A8-4AA6-85D4-460030EC3C3D}
		{319582E2-61E2-429A-973C-950CDA0D5D1D} = {6434AA8B-D0A8-4AA6-85D4-460030EC3C3D}
		{E344E652-C114-43B4-A664-A89E91AB966C} = {2E787B1C-578A-40EA-A11D-5EBA11AD47DE}
		{3A3BA3C1-5F56-4066-BCDE-EA80A8A1A65D} = {6434AA8B-D0A8-4AA6-85D4-460030EC3C3D}
	EndGlobalSection
	GlobalSection(ExtensibilityGlobals) = postSolution
		SolutionGuid = {C27506F9-CEE4-4EC9-8B11-0D4FB42622B6}
	EndGlobalSection
EndGlobal
