
Microsoft Visual Studio Solution File, Format Version 12.00
# Visual Studio 15
VisualStudioVersion = 15.0.28307.106
MinimumVisualStudioVersion = 10.0.40219.1
Project("{FAE04EC0-301F-11D3-BF4B-00C04F79EFBC}") = "Runtime.CSHTML5", "Runtime\Runtime.CSHTML5.csproj", "{03DFD03A-5639-4523-901A-8310296A4317}"
EndProject
Global
	GlobalSection(SolutionConfigurationPlatforms) = preSolution
		Debug.WorkInProgress|Any CPU = Debug.WorkInProgress|Any CPU
		Debug|Any CPU = Debug|Any CPU
		Migration.WorkInProgress|Any CPU = Migration.WorkInProgress|Any CPU
		Migration|Any CPU = Migration|Any CPU
	EndGlobalSection
	GlobalSection(ProjectConfigurationPlatforms) = postSolution
		{03DFD03A-5639-4523-901A-8310296A4317}.Debug.WorkInProgress|Any CPU.ActiveCfg = Debug.WorkInProgress|Any CPU
		{03DFD03A-5639-4523-901A-8310296A4317}.Debug.WorkInProgress|Any CPU.Build.0 = Debug.WorkInProgress|Any CPU
		{03DFD03A-5639-4523-901A-8310296A4317}.Debug|Any CPU.ActiveCfg = Debug|Any CPU
		{03DFD03A-5639-4523-901A-8310296A4317}.Debug|Any CPU.Build.0 = Debug|Any CPU
		{03DFD03A-5639-4523-901A-8310296A4317}.Migration.WorkInProgress|Any CPU.ActiveCfg = Migration.WorkInProgress|Any CPU
		{03DFD03A-5639-4523-901A-8310296A4317}.Migration.WorkInProgress|Any CPU.Build.0 = Migration.WorkInProgress|Any CPU
		{03DFD03A-5639-4523-901A-8310296A4317}.Migration|Any CPU.ActiveCfg = Migration|Any CPU
		{03DFD03A-5639-4523-901A-8310296A4317}.Migration|Any CPU.Build.0 = Migration|Any CPU
	EndGlobalSection
	GlobalSection(SolutionProperties) = preSolution
		HideSolutionNode = FALSE
	EndGlobalSection
	GlobalSection(ExtensibilityGlobals) = postSolution
		SolutionGuid = {C27506F9-CEE4-4EC9-8B11-0D4FB42622B6}
	EndGlobalSection
EndGlobal
