Microsoft Visual Studio Solution File, Format Version 12.00
# Visual Studio Version 17
VisualStudioVersion = 17.0.31903.59
MinimumVisualStudioVersion = 10.0.40219.1
Project("{9A19103F-16F7-4668-BE54-9A1E7A4F7556}") = "Runtime.OpenSilver", "Runtime\Runtime\Runtime.OpenSilver.csproj", "{945935AC-0649-4054-A3E3-9671441A3343}"
EndProject
Project("{2150E333-8FDC-42A3-9474-1A3956D46DE8}") = "Compiler", "Compiler", "{EE82C82C-611F-4CD8-8786-2E1C91EC243E}"
EndProject
Project("{FAE04EC0-301F-11D3-BF4B-00C04F79EFBC}") = "Compiler.OpenSilver", "Compiler\Compiler\Compiler.OpenSilver.csproj", "{B8EBBAB8-D2A2-4B65-A196-245F5BA573D0}"
EndProject
Project("{FAE04EC0-301F-11D3-BF4B-00C04F79EFBC}") = "Compiler.Common.OpenSilver", "Compiler\Compiler.Common\Compiler.Common.OpenSilver.csproj", "{4ECAD5CD-91DF-48F6-9E9F-AE0A6E7622A8}"
EndProject
Project("{FAE04EC0-301F-11D3-BF4B-00C04F79EFBC}") = "Compiler.ProgressDialog.OpenSilver", "Compiler\Compiler.ProgressDialog\Compiler.ProgressDialog.OpenSilver.csproj", "{4DDCEEBE-B5CA-4A29-87B0-29FF42AB7A0D}"
EndProject
Project("{FAE04EC0-301F-11D3-BF4B-00C04F79EFBC}") = "Compiler.TypeScriptDefToCSharp.OpenSilver", "Compiler\Compiler.TypeScriptDefToCSharp\Compiler.TypeScriptDefToCSharp.OpenSilver.csproj", "{4D0CA743-4F06-40DA-92D7-F31D8F395E2A}"
EndProject
Project("{2150E333-8FDC-42A3-9474-1A3956D46DE8}") = "Runtime", "Runtime", "{BDA9A1B3-15CD-4068-9A6D-BDA030FBEC5E}"
EndProject
Project("{2150E333-8FDC-42A3-9474-1A3956D46DE8}") = "Simulator", "Simulator", "{F3405D9A-9228-4579-97B7-6BFB11D2D582}"
EndProject
Project("{FAE04EC0-301F-11D3-BF4B-00C04F79EFBC}") = "Simulator.OpenSilver", "Simulator\Simulator\Simulator.OpenSilver.csproj", "{BAB1B2F6-0152-4194-95A1-7D472D10B2E0}"
EndProject
Project("{2150E333-8FDC-42A3-9474-1A3956D46DE8}") = "Targets", "Targets", "{AA67D4B5-3E71-4A76-8FC6-49ED51F0D599}"
	ProjectSection(SolutionItems) = preProject
		Targets\OpenSilver.Common.targets = Targets\OpenSilver.Common.targets
		Targets\OpenSilver.Simulator.targets = Targets\OpenSilver.Simulator.targets
		Targets\OpenSilver.targets = Targets\OpenSilver.targets
		Targets\OpenSilver.UwpCompatible.targets = Targets\OpenSilver.UwpCompatible.targets
	EndProjectSection
EndProject
Project("{9A19103F-16F7-4668-BE54-9A1E7A4F7556}") = "DataForm.Toolkit.OpenSilver", "Runtime\DataForm.Toolkit\DataForm.Toolkit.OpenSilver.csproj", "{2D8E03A2-A9E2-4CD7-81A4-A268D0E28BD8}"
EndProject
Project("{2150E333-8FDC-42A3-9474-1A3956D46DE8}") = "Tests", "Tests", "{9026BAEF-3E66-4181-9C0D-35A670D8198E}"
EndProject
Project("{2150E333-8FDC-42A3-9474-1A3956D46DE8}") = "TestApplication", "TestApplication", "{50D518C0-E365-4A4B-A6BB-1B2A725719B7}"
EndProject
Project("{9A19103F-16F7-4668-BE54-9A1E7A4F7556}") = "TestApplication.OpenSilver", "Tests\TestApplication\TestApplication\TestApplication.OpenSilver.csproj", "{9DD4360A-D408-4B9A-912B-E2E84D587847}"
EndProject
Project("{9A19103F-16F7-4668-BE54-9A1E7A4F7556}") = "TestApplication.OpenSilver.Browser", "Tests\TestApplication\TestApplication.OpenSilver.Browser\TestApplication.OpenSilver.Browser.csproj", "{E0FF3BDF-CEE3-4AC3-883D-0921482AEC86}"
EndProject
Project("{9A19103F-16F7-4668-BE54-9A1E7A4F7556}") = "TestApplication.OpenSilver.Simulator", "Tests\TestApplication\TestApplication.OpenSilver.Simulator\TestApplication.OpenSilver.Simulator.csproj", "{075B9C74-CE05-4209-BF8A-CC397D46B1F9}"
EndProject
Project("{9A19103F-16F7-4668-BE54-9A1E7A4F7556}") = "Runtime.OpenSilver.Tests", "Tests\Runtime.OpenSilver.Tests\Runtime.OpenSilver.Tests.csproj", "{D46F2DBE-525B-4501-8287-0715702CF99C}"
EndProject
Project("{2150E333-8FDC-42A3-9474-1A3956D46DE8}") = "Analyzers", "Analyzers", "{F0839AF2-1981-4355-9358-C38D744EB678}"
EndProject
Project("{9A19103F-16F7-4668-BE54-9A1E7A4F7556}") = "NotImplemented.Analyzer", "Analyzers\NotImplemented\NotImplemented.Analyzer.csproj", "{D83C5616-EB62-4BD2-8DA3-59C893B7ED39}"
EndProject
Project("{9A19103F-16F7-4668-BE54-9A1E7A4F7556}") = "NotImplemented.Analyzer.Tests", "Analyzers\NotImplemented.Tests\NotImplemented.Analyzer.Tests.csproj", "{4934A835-03E3-448D-A327-C6E68F68B0DC}"
EndProject
Project("{2150E333-8FDC-42A3-9474-1A3956D46DE8}") = "Scripts", "Scripts", "{99A3BA00-F4D3-4D9C-B6C8-A63D197ACC7D}"
	ProjectSection(SolutionItems) = preProject
		Runtime\Scripts\cshtml5.css = Runtime\Scripts\cshtml5.css
		Runtime\Scripts\cshtml5.js = Runtime\Scripts\cshtml5.js
		Runtime\Scripts\fastclick.js = Runtime\Scripts\fastclick.js
		Runtime\Scripts\flatpickr.css = Runtime\Scripts\flatpickr.css
		Runtime\Scripts\flatpickr.js = Runtime\Scripts\flatpickr.js
		Runtime\Scripts\OpenSilver.js = Runtime\Scripts\OpenSilver.js
		Runtime\Scripts\ResizeObserver.js = Runtime\Scripts\ResizeObserver.js
		Runtime\Scripts\ResizeSensor.js = Runtime\Scripts\ResizeSensor.js
		Runtime\Scripts\velocity.js = Runtime\Scripts\velocity.js
	EndProjectSection
EndProject
Project("{9A19103F-16F7-4668-BE54-9A1E7A4F7556}") = "Controls.Data.Input.OpenSilver", "Runtime\Controls.Data.Input\Controls.Data.Input.OpenSilver.csproj", "{BA70EA67-F71B-4DCA-A283-5C71C05DC3C3}"
EndProject
Project("{9A19103F-16F7-4668-BE54-9A1E7A4F7556}") = "OpenSilver.Xaml", "Runtime\OpenSilver.Xaml\OpenSilver.Xaml.csproj", "{BCA8D22E-1DC5-42DD-8C62-F506C435C752}"
EndProject
Project("{9A19103F-16F7-4668-BE54-9A1E7A4F7556}") = "Controls.Navigation.OpenSilver", "Runtime\Controls.Navigation\Controls.Navigation.OpenSilver.csproj", "{C086962A-C220-4575-A19C-6DEF54F5C917}"
EndProject
Project("{9A19103F-16F7-4668-BE54-9A1E7A4F7556}") = "Controls.Data.OpenSilver", "Runtime\Controls.Data\Controls.Data.OpenSilver.csproj", "{C4F12E9C-2D44-4C88-9D4E-4B8DBBC87F69}"
EndProject
Global
	GlobalSection(SolutionConfigurationPlatforms) = preSolution
		SL|Any CPU = SL|Any CPU
		UWP|Any CPU = UWP|Any CPU
	EndGlobalSection
	GlobalSection(ProjectConfigurationPlatforms) = postSolution
		{945935AC-0649-4054-A3E3-9671441A3343}.SL|Any CPU.ActiveCfg = SL|Any CPU
		{945935AC-0649-4054-A3E3-9671441A3343}.SL|Any CPU.Build.0 = SL|Any CPU
		{945935AC-0649-4054-A3E3-9671441A3343}.UWP|Any CPU.ActiveCfg = UWP|Any CPU
		{945935AC-0649-4054-A3E3-9671441A3343}.UWP|Any CPU.Build.0 = UWP|Any CPU
		{B8EBBAB8-D2A2-4B65-A196-245F5BA573D0}.SL|Any CPU.ActiveCfg = SL|Any CPU
		{B8EBBAB8-D2A2-4B65-A196-245F5BA573D0}.SL|Any CPU.Build.0 = SL|Any CPU
		{B8EBBAB8-D2A2-4B65-A196-245F5BA573D0}.UWP|Any CPU.ActiveCfg = UWP|Any CPU
		{B8EBBAB8-D2A2-4B65-A196-245F5BA573D0}.UWP|Any CPU.Build.0 = UWP|Any CPU
		{4ECAD5CD-91DF-48F6-9E9F-AE0A6E7622A8}.SL|Any CPU.ActiveCfg = SL|Any CPU
		{4ECAD5CD-91DF-48F6-9E9F-AE0A6E7622A8}.SL|Any CPU.Build.0 = SL|Any CPU
		{4ECAD5CD-91DF-48F6-9E9F-AE0A6E7622A8}.UWP|Any CPU.ActiveCfg = UWP|Any CPU
		{4ECAD5CD-91DF-48F6-9E9F-AE0A6E7622A8}.UWP|Any CPU.Build.0 = UWP|Any CPU
		{4DDCEEBE-B5CA-4A29-87B0-29FF42AB7A0D}.SL|Any CPU.ActiveCfg = SL|Any CPU
		{4DDCEEBE-B5CA-4A29-87B0-29FF42AB7A0D}.SL|Any CPU.Build.0 = SL|Any CPU
		{4DDCEEBE-B5CA-4A29-87B0-29FF42AB7A0D}.UWP|Any CPU.ActiveCfg = UWP|Any CPU
		{4DDCEEBE-B5CA-4A29-87B0-29FF42AB7A0D}.UWP|Any CPU.Build.0 = UWP|Any CPU
		{4D0CA743-4F06-40DA-92D7-F31D8F395E2A}.SL|Any CPU.ActiveCfg = SL|Any CPU
		{4D0CA743-4F06-40DA-92D7-F31D8F395E2A}.SL|Any CPU.Build.0 = SL|Any CPU
		{4D0CA743-4F06-40DA-92D7-F31D8F395E2A}.UWP|Any CPU.ActiveCfg = UWP|Any CPU
		{4D0CA743-4F06-40DA-92D7-F31D8F395E2A}.UWP|Any CPU.Build.0 = UWP|Any CPU
		{BAB1B2F6-0152-4194-95A1-7D472D10B2E0}.SL|Any CPU.ActiveCfg = Debug|Any CPU
		{BAB1B2F6-0152-4194-95A1-7D472D10B2E0}.SL|Any CPU.Build.0 = Debug|Any CPU
		{BAB1B2F6-0152-4194-95A1-7D472D10B2E0}.UWP|Any CPU.ActiveCfg = Debug|Any CPU
		{BAB1B2F6-0152-4194-95A1-7D472D10B2E0}.UWP|Any CPU.Build.0 = Debug|Any CPU
		{2D8E03A2-A9E2-4CD7-81A4-A268D0E28BD8}.SL|Any CPU.ActiveCfg = SL|Any CPU
		{2D8E03A2-A9E2-4CD7-81A4-A268D0E28BD8}.SL|Any CPU.Build.0 = SL|Any CPU
		{2D8E03A2-A9E2-4CD7-81A4-A268D0E28BD8}.UWP|Any CPU.ActiveCfg = UWP|Any CPU
		{2D8E03A2-A9E2-4CD7-81A4-A268D0E28BD8}.UWP|Any CPU.Build.0 = UWP|Any CPU
		{9DD4360A-D408-4B9A-912B-E2E84D587847}.SL|Any CPU.ActiveCfg = Debug|Any CPU
		{9DD4360A-D408-4B9A-912B-E2E84D587847}.SL|Any CPU.Build.0 = Debug|Any CPU
		{9DD4360A-D408-4B9A-912B-E2E84D587847}.UWP|Any CPU.ActiveCfg = Debug|Any CPU
		{E0FF3BDF-CEE3-4AC3-883D-0921482AEC86}.SL|Any CPU.ActiveCfg = Debug|Any CPU
		{E0FF3BDF-CEE3-4AC3-883D-0921482AEC86}.SL|Any CPU.Build.0 = Debug|Any CPU
		{E0FF3BDF-CEE3-4AC3-883D-0921482AEC86}.UWP|Any CPU.ActiveCfg = Debug|Any CPU
		{075B9C74-CE05-4209-BF8A-CC397D46B1F9}.SL|Any CPU.ActiveCfg = Debug|Any CPU
		{075B9C74-CE05-4209-BF8A-CC397D46B1F9}.SL|Any CPU.Build.0 = Debug|Any CPU
		{075B9C74-CE05-4209-BF8A-CC397D46B1F9}.UWP|Any CPU.ActiveCfg = Debug|Any CPU
		{D46F2DBE-525B-4501-8287-0715702CF99C}.SL|Any CPU.ActiveCfg = SL|Any CPU
		{D46F2DBE-525B-4501-8287-0715702CF99C}.SL|Any CPU.Build.0 = SL|Any CPU
		{D46F2DBE-525B-4501-8287-0715702CF99C}.UWP|Any CPU.ActiveCfg = UWP|Any CPU
		{D46F2DBE-525B-4501-8287-0715702CF99C}.UWP|Any CPU.Build.0 = UWP|Any CPU
		{D83C5616-EB62-4BD2-8DA3-59C893B7ED39}.SL|Any CPU.ActiveCfg = Release|Any CPU
		{D83C5616-EB62-4BD2-8DA3-59C893B7ED39}.SL|Any CPU.Build.0 = Release|Any CPU
		{D83C5616-EB62-4BD2-8DA3-59C893B7ED39}.UWP|Any CPU.ActiveCfg = Release|Any CPU
		{D83C5616-EB62-4BD2-8DA3-59C893B7ED39}.UWP|Any CPU.Build.0 = Release|Any CPU
		{4934A835-03E3-448D-A327-C6E68F68B0DC}.SL|Any CPU.ActiveCfg = Debug|Any CPU
		{4934A835-03E3-448D-A327-C6E68F68B0DC}.SL|Any CPU.Build.0 = Debug|Any CPU
		{4934A835-03E3-448D-A327-C6E68F68B0DC}.UWP|Any CPU.ActiveCfg = Debug|Any CPU
		{4934A835-03E3-448D-A327-C6E68F68B0DC}.UWP|Any CPU.Build.0 = Debug|Any CPU
		{BA70EA67-F71B-4DCA-A283-5C71C05DC3C3}.SL|Any CPU.ActiveCfg = SL|Any CPU
		{BA70EA67-F71B-4DCA-A283-5C71C05DC3C3}.SL|Any CPU.Build.0 = SL|Any CPU
		{BA70EA67-F71B-4DCA-A283-5C71C05DC3C3}.UWP|Any CPU.ActiveCfg = UWP|Any CPU
		{BA70EA67-F71B-4DCA-A283-5C71C05DC3C3}.UWP|Any CPU.Build.0 = UWP|Any CPU
		{BCA8D22E-1DC5-42DD-8C62-F506C435C752}.SL|Any CPU.ActiveCfg = Debug|Any CPU
		{BCA8D22E-1DC5-42DD-8C62-F506C435C752}.SL|Any CPU.Build.0 = Debug|Any CPU
		{BCA8D22E-1DC5-42DD-8C62-F506C435C752}.UWP|Any CPU.ActiveCfg = Debug|Any CPU
		{BCA8D22E-1DC5-42DD-8C62-F506C435C752}.UWP|Any CPU.Build.0 = Debug|Any CPU
		{C086962A-C220-4575-A19C-6DEF54F5C917}.SL|Any CPU.ActiveCfg = SL|Any CPU
		{C086962A-C220-4575-A19C-6DEF54F5C917}.SL|Any CPU.Build.0 = SL|Any CPU
		{C086962A-C220-4575-A19C-6DEF54F5C917}.UWP|Any CPU.ActiveCfg = UWP|Any CPU
		{C086962A-C220-4575-A19C-6DEF54F5C917}.UWP|Any CPU.Build.0 = UWP|Any CPU
		{C4F12E9C-2D44-4C88-9D4E-4B8DBBC87F69}.SL|Any CPU.ActiveCfg = SL|Any CPU
		{C4F12E9C-2D44-4C88-9D4E-4B8DBBC87F69}.SL|Any CPU.Build.0 = SL|Any CPU
		{C4F12E9C-2D44-4C88-9D4E-4B8DBBC87F69}.UWP|Any CPU.ActiveCfg = UWP|Any CPU
		{C4F12E9C-2D44-4C88-9D4E-4B8DBBC87F69}.UWP|Any CPU.Build.0 = UWP|Any CPU
	EndGlobalSection
	GlobalSection(SolutionProperties) = preSolution
		HideSolutionNode = FALSE
	EndGlobalSection
	GlobalSection(NestedProjects) = preSolution
		{945935AC-0649-4054-A3E3-9671441A3343} = {BDA9A1B3-15CD-4068-9A6D-BDA030FBEC5E}
		{B8EBBAB8-D2A2-4B65-A196-245F5BA573D0} = {EE82C82C-611F-4CD8-8786-2E1C91EC243E}
		{4ECAD5CD-91DF-48F6-9E9F-AE0A6E7622A8} = {EE82C82C-611F-4CD8-8786-2E1C91EC243E}
		{4DDCEEBE-B5CA-4A29-87B0-29FF42AB7A0D} = {EE82C82C-611F-4CD8-8786-2E1C91EC243E}
		{4D0CA743-4F06-40DA-92D7-F31D8F395E2A} = {EE82C82C-611F-4CD8-8786-2E1C91EC243E}
		{BAB1B2F6-0152-4194-95A1-7D472D10B2E0} = {F3405D9A-9228-4579-97B7-6BFB11D2D582}
		{2D8E03A2-A9E2-4CD7-81A4-A268D0E28BD8} = {BDA9A1B3-15CD-4068-9A6D-BDA030FBEC5E}
		{50D518C0-E365-4A4B-A6BB-1B2A725719B7} = {9026BAEF-3E66-4181-9C0D-35A670D8198E}
		{9DD4360A-D408-4B9A-912B-E2E84D587847} = {50D518C0-E365-4A4B-A6BB-1B2A725719B7}
		{E0FF3BDF-CEE3-4AC3-883D-0921482AEC86} = {50D518C0-E365-4A4B-A6BB-1B2A725719B7}
		{075B9C74-CE05-4209-BF8A-CC397D46B1F9} = {50D518C0-E365-4A4B-A6BB-1B2A725719B7}
		{D46F2DBE-525B-4501-8287-0715702CF99C} = {9026BAEF-3E66-4181-9C0D-35A670D8198E}
		{F0839AF2-1981-4355-9358-C38D744EB678} = {BDA9A1B3-15CD-4068-9A6D-BDA030FBEC5E}
		{D83C5616-EB62-4BD2-8DA3-59C893B7ED39} = {F0839AF2-1981-4355-9358-C38D744EB678}
		{4934A835-03E3-448D-A327-C6E68F68B0DC} = {F0839AF2-1981-4355-9358-C38D744EB678}
		{99A3BA00-F4D3-4D9C-B6C8-A63D197ACC7D} = {BDA9A1B3-15CD-4068-9A6D-BDA030FBEC5E}
		{BA70EA67-F71B-4DCA-A283-5C71C05DC3C3} = {BDA9A1B3-15CD-4068-9A6D-BDA030FBEC5E}
		{BCA8D22E-1DC5-42DD-8C62-F506C435C752} = {BDA9A1B3-15CD-4068-9A6D-BDA030FBEC5E}
		{C086962A-C220-4575-A19C-6DEF54F5C917} = {BDA9A1B3-15CD-4068-9A6D-BDA030FBEC5E}
		{C4F12E9C-2D44-4C88-9D4E-4B8DBBC87F69} = {BDA9A1B3-15CD-4068-9A6D-BDA030FBEC5E}
	EndGlobalSection
	GlobalSection(ExtensibilityGlobals) = postSolution
		SolutionGuid = {A13C12CC-0544-49D7-A852-FCE1C884AA54}
	EndGlobalSection
EndGlobal
