
Microsoft Visual Studio Solution File, Format Version 12.00
# Visual Studio Version 17
VisualStudioVersion = 17.7.34031.279
MinimumVisualStudioVersion = 10.0.40219.1
Project("{2150E333-8FDC-42A3-9474-1A3956D46DE8}") = "Compiler", "Compiler", "{8869C7C7-58A9-4FC1-A5EA-E303AE1807EB}"
EndProject
Project("{2150E333-8FDC-42A3-9474-1A3956D46DE8}") = "Runtime", "Runtime", "{5CABE705-CE13-456F-B02E-977B59D964FA}"
EndProject
Project("{2150E333-8FDC-42A3-9474-1A3956D46DE8}") = "Simulator", "Simulator", "{F63723D0-B919-44EF-A4D9-AA405B4538C5}"
EndProject
Project("{2150E333-8FDC-42A3-9474-1A3956D46DE8}") = "Targets", "Targets", "{09E99548-4F69-40F9-8E5B-CDFF20052F90}"
	ProjectSection(SolutionItems) = preProject
		Targets\OpenSilver.Common.targets = Targets\OpenSilver.Common.targets
		Targets\OpenSilver.GenerateAssemblyInfo.targets = Targets\OpenSilver.GenerateAssemblyInfo.targets
		Targets\OpenSilver.Simulator.targets = Targets\OpenSilver.Simulator.targets
		Targets\OpenSilver.targets = Targets\OpenSilver.targets
		Targets\OpenSilver.WebAssembly.targets = Targets\OpenSilver.WebAssembly.targets
	EndProjectSection
EndProject
Project("{2150E333-8FDC-42A3-9474-1A3956D46DE8}") = "Tests", "Tests", "{3731CAAC-26BC-476D-A6F5-B80507182818}"
EndProject
Project("{2150E333-8FDC-42A3-9474-1A3956D46DE8}") = "Tests", "Tests", "{52638437-9208-48A1-9A47-0DCA9D53782D}"
EndProject
Project("{2150E333-8FDC-42A3-9474-1A3956D46DE8}") = "Analyzers", "Analyzers", "{5E5F6FF7-239D-44A5-9E43-1A826207DE68}"
EndProject
Project("{2150E333-8FDC-42A3-9474-1A3956D46DE8}") = "Scripts", "Scripts", "{CBAC3493-1A39-44A9-8221-C5CD1F612105}"
	ProjectSection(SolutionItems) = preProject
		Runtime\Scripts\cshtml5.css = Runtime\Scripts\cshtml5.css
		Runtime\Scripts\cshtml5.js = Runtime\Scripts\cshtml5.js
		Runtime\Scripts\html2canvas.js = Runtime\Scripts\html2canvas.js
		Runtime\Scripts\OpenSilver.js = Runtime\Scripts\OpenSilver.js
		Runtime\Scripts\quill.core.css = Runtime\Scripts\quill.core.css
		Runtime\Scripts\quill.min.js = Runtime\Scripts\quill.min.js
		Runtime\Scripts\ResizeObserver.js = Runtime\Scripts\ResizeObserver.js
		Runtime\Scripts\FileSaver.min.js = Runtime\Scripts\FileSaver.min.js
	EndProjectSection
EndProject
Project("{2150E333-8FDC-42A3-9474-1A3956D46DE8}") = "Blend", "Blend", "{7152D73A-E43C-401B-A5B2-1401B4CBB82F}"
EndProject
Project("{2150E333-8FDC-42A3-9474-1A3956D46DE8}") = "TestApplication", "TestApplication", "{CD0D2100-A9DA-40FC-AEFE-95FF823739D7}"
EndProject
Project("{9A19103F-16F7-4668-BE54-9A1E7A4F7556}") = "Runtime.OpenSilver", "Runtime\Runtime\Runtime.OpenSilver.csproj", "{8643953F-8E1D-4D2B-AA27-A4B7A3EE7BB6}"
EndProject
Project("{9A19103F-16F7-4668-BE54-9A1E7A4F7556}") = "DataForm.Toolkit.OpenSilver", "Runtime\DataForm.Toolkit\DataForm.Toolkit.OpenSilver.csproj", "{08B99C68-7208-4D10-AA38-50648819D263}"
EndProject
Project("{9A19103F-16F7-4668-BE54-9A1E7A4F7556}") = "Controls.Navigation.OpenSilver", "Runtime\Controls.Navigation\Controls.Navigation.OpenSilver.csproj", "{B7ACA232-04F0-4C6A-8557-B3882ED5AA0D}"
EndProject
Project("{9A19103F-16F7-4668-BE54-9A1E7A4F7556}") = "Controls.Layout.Toolkit.OpenSilver", "Runtime\Controls.Layout.Toolkit\Controls.Layout.Toolkit.OpenSilver.csproj", "{250A2AA5-FA15-4737-B9E3-73D224956E18}"
EndProject
Project("{9A19103F-16F7-4668-BE54-9A1E7A4F7556}") = "Controls.Input.OpenSilver", "Runtime\Controls.Input\Controls.Input.OpenSilver.csproj", "{57BF1153-F7EB-4309-BD64-30C8559C1DE0}"
EndProject
Project("{9A19103F-16F7-4668-BE54-9A1E7A4F7556}") = "Controls.DataVisualization.OpenSilver", "Runtime\Controls.DataVisualization\Controls.DataVisualization.OpenSilver.csproj", "{E64936C8-65F8-4062-9E7D-1282539716C1}"
EndProject
Project("{9A19103F-16F7-4668-BE54-9A1E7A4F7556}") = "Controls.Data.Input.OpenSilver", "Runtime\Controls.Data.Input\Controls.Data.Input.OpenSilver.csproj", "{CCF50F06-3C8D-4C45-B95F-9106B2AAD27A}"
EndProject
Project("{9A19103F-16F7-4668-BE54-9A1E7A4F7556}") = "Controls.Data.OpenSilver", "Runtime\Controls.Data\Controls.Data.OpenSilver.csproj", "{FC62D3D9-FE42-4200-B92B-B6E2364C168A}"
EndProject
Project("{9A19103F-16F7-4668-BE54-9A1E7A4F7556}") = "Interactivity.OpenSilver", "Runtime\Blend\Interactivity\Interactivity.OpenSilver.csproj", "{A23164C7-8137-4B39-8915-79B5A4988131}"
EndProject
Project("{9A19103F-16F7-4668-BE54-9A1E7A4F7556}") = "Expression.Interactions.OpenSilver", "Runtime\Blend\Interactions\Expression.Interactions.OpenSilver.csproj", "{63141DA4-6018-40AB-A068-F9EB6C475A36}"
EndProject
Project("{9A19103F-16F7-4668-BE54-9A1E7A4F7556}") = "Expression.Effects.OpenSilver", "Runtime\Blend\Effects\Expression.Effects.OpenSilver.csproj", "{C5062405-2443-44BF-953D-2AC04CA49D10}"
EndProject
Project("{9A19103F-16F7-4668-BE54-9A1E7A4F7556}") = "NotImplemented.Analyzer", "Analyzers\NotImplemented\NotImplemented.Analyzer.csproj", "{A22ADAC5-C4F8-44F6-9F57-E9F9D2AF6007}"
EndProject
Project("{9A19103F-16F7-4668-BE54-9A1E7A4F7556}") = "NotImplemented.Analyzer.Tests", "Analyzers\NotImplemented.Tests\NotImplemented.Analyzer.Tests.csproj", "{9410AE13-8A79-4653-B80D-126A7F39E512}"
EndProject
Project("{9A19103F-16F7-4668-BE54-9A1E7A4F7556}") = "Compiler.Tests", "Compiler\Tests\Compiler.Tests\Compiler.Tests.csproj", "{21CACBB9-664A-42C7-89AB-79D5A9335039}"
EndProject
Project("{9A19103F-16F7-4668-BE54-9A1E7A4F7556}") = "Experimental", "Compiler\Tests\Experimental\Experimental.csproj", "{4B2AFEB2-D3D1-4558-93B3-D2D819B702CF}"
EndProject
Project("{9A19103F-16F7-4668-BE54-9A1E7A4F7556}") = "Compiler.OpenSilver", "Compiler\Compiler\Compiler.OpenSilver.csproj", "{669220B6-BE26-4155-92C4-C8A635C0B8CC}"
EndProject
Project("{9A19103F-16F7-4668-BE54-9A1E7A4F7556}") = "Simulator.OpenSilver", "Simulator\Simulator\Simulator.OpenSilver.csproj", "{C4F356FB-A607-432C-A7F0-03399A08EDFA}"
EndProject
Project("{9A19103F-16F7-4668-BE54-9A1E7A4F7556}") = "TestApplication.OpenSilver", "Tests\TestApplication\TestApplication\TestApplication.OpenSilver.csproj", "{3DD381BC-FDB4-4495-B587-70215B4781A7}"
EndProject
Project("{9A19103F-16F7-4668-BE54-9A1E7A4F7556}") = "TestApplication.OpenSilver.Browser", "Tests\TestApplication\TestApplication.OpenSilver.Browser\TestApplication.OpenSilver.Browser.csproj", "{364AED94-6D67-4DF2-814A-E09709CB8D29}"
EndProject
Project("{9A19103F-16F7-4668-BE54-9A1E7A4F7556}") = "TestApplication.OpenSilver.Simulator", "Tests\TestApplication\TestApplication.OpenSilver.Simulator\TestApplication.OpenSilver.Simulator.csproj", "{921697F8-E30D-4B4B-8E2E-56FB4F4FE448}"
EndProject
Project("{9A19103F-16F7-4668-BE54-9A1E7A4F7556}") = "Runtime.OpenSilver.Tests", "Tests\Runtime.OpenSilver.Tests\Runtime.OpenSilver.Tests.csproj", "{45C601D9-A208-4BB4-807B-4BF612FFE7EA}"
EndProject
Project("{2150E333-8FDC-42A3-9474-1A3956D46DE8}") = "MEF", "MEF", "{B36BB24A-A915-4485-A69C-B0CE77EACA5A}"
EndProject
Project("{9A19103F-16F7-4668-BE54-9A1E7A4F7556}") = "System.ComponentModel.Composition.Initialization", "Runtime\MEF\System.ComponentModel.Composition.Initialization\System.ComponentModel.Composition.Initialization.csproj", "{6F03E952-8F43-478E-8161-C843890914F2}"
EndProject
Project("{9A19103F-16F7-4668-BE54-9A1E7A4F7556}") = "Controls.Theming.Toolkit.OpenSilver", "Runtime\Controls.Theming.Toolkit\Controls.Theming.Toolkit.OpenSilver.csproj", "{ECB5921C-C695-473B-88E3-0A002ED097BF}"
EndProject
Project("{9A19103F-16F7-4668-BE54-9A1E7A4F7556}") = "Controls.Theming.BubbleCreme.OpenSilver", "Runtime\Controls.Theming.BubbleCreme\Controls.Theming.BubbleCreme.OpenSilver.csproj", "{284011CE-D0C8-4552-8DDB-6833B5A8430A}"
EndProject
Project("{9A19103F-16F7-4668-BE54-9A1E7A4F7556}") = "Controls.Theming.BureauBlack.OpenSilver", "Runtime\Controls.Theming.BureauBlack\Controls.Theming.BureauBlack.OpenSilver.csproj", "{4D6CC22F-913A-49B0-B000-104354BE3D9F}"
EndProject
Project("{9A19103F-16F7-4668-BE54-9A1E7A4F7556}") = "Controls.Theming.BureauBlue.OpenSilver", "Runtime\Controls.Theming.BureauBlue\Controls.Theming.BureauBlue.OpenSilver.csproj", "{42C16695-610B-473A-A57B-ECCADECE9486}"
EndProject
Project("{9A19103F-16F7-4668-BE54-9A1E7A4F7556}") = "Controls.Theming.ExpressionDark.OpenSilver", "Runtime\Controls.Theming.ExpressionDark\Controls.Theming.ExpressionDark.OpenSilver.csproj", "{C9BE719E-CD7A-4605-97B6-AFA42FB1869C}"
EndProject
Project("{9A19103F-16F7-4668-BE54-9A1E7A4F7556}") = "Controls.Theming.ExpressionLight.OpenSilver", "Runtime\Controls.Theming.ExpressionLight\Controls.Theming.ExpressionLight.OpenSilver.csproj", "{B2AEC374-2245-4861-AEA7-4286EDF64AA3}"
EndProject
Project("{9A19103F-16F7-4668-BE54-9A1E7A4F7556}") = "Controls.Theming.RainierOrange.OpenSilver", "Runtime\Controls.Theming.RainierOrange\Controls.Theming.RainierOrange.OpenSilver.csproj", "{670BB6DE-C829-42FA-94A0-C2425681E0E7}"
EndProject
Project("{9A19103F-16F7-4668-BE54-9A1E7A4F7556}") = "Controls.Theming.RainierPurple.OpenSilver", "Runtime\Controls.Theming.RainierPurple\Controls.Theming.RainierPurple.OpenSilver.csproj", "{FE21FE5F-49F1-4EEF-BD4B-2D362440A971}"
EndProject
Project("{9A19103F-16F7-4668-BE54-9A1E7A4F7556}") = "Controls.Theming.ShinyBlue.OpenSilver", "Runtime\Controls.Theming.ShinyBlue\Controls.Theming.ShinyBlue.OpenSilver.csproj", "{8BCB3961-6468-4CB7-A3E8-D0A4787D35B0}"
EndProject
Project("{9A19103F-16F7-4668-BE54-9A1E7A4F7556}") = "Controls.Theming.ShinyRed.OpenSilver", "Runtime\Controls.Theming.ShinyRed\Controls.Theming.ShinyRed.OpenSilver.csproj", "{5317FD27-5087-497A-A497-3800167C42E6}"
EndProject
Project("{9A19103F-16F7-4668-BE54-9A1E7A4F7556}") = "Controls.Theming.TwilightBlue.OpenSilver", "Runtime\Controls.Theming.TwilightBlue\Controls.Theming.TwilightBlue.OpenSilver.csproj", "{794B51BC-6312-446D-93D9-FD70A70676CF}"
EndProject
Project("{9A19103F-16F7-4668-BE54-9A1E7A4F7556}") = "Controls.Theming.WhistlerBlue.OpenSilver", "Runtime\Controls.Theming.WhistlerBlue\Controls.Theming.WhistlerBlue.OpenSilver.csproj", "{B11347ED-B4BB-4640-B848-32B452D0ECA1}"
EndProject
Project("{9A19103F-16F7-4668-BE54-9A1E7A4F7556}") = "Controls.Theming.SystemColors.OpenSilver", "Runtime\Controls.Theming.SystemColors\Controls.Theming.SystemColors.OpenSilver.csproj", "{90059144-4971-4869-8B57-603F05C7B1D2}"
EndProject
Project("{9A19103F-16F7-4668-BE54-9A1E7A4F7556}") = "Controls.Data.Toolkit.OpenSilver", "Runtime\Controls.Data.Toolkit\Controls.Data.Toolkit.OpenSilver.csproj", "{EDB7357E-C8EA-4271-B35F-B0423C46678C}"
EndProject
Project("{9A19103F-16F7-4668-BE54-9A1E7A4F7556}") = "Controls.Input.Toolkit.OpenSilver", "Runtime\Controls.Input.Toolkit\Controls.Input.Toolkit.OpenSilver.csproj", "{C86EC33C-3BF2-4997-A7AC-3B021049BC45}"
EndProject
Project("{9A19103F-16F7-4668-BE54-9A1E7A4F7556}") = "Controls.Toolkit.OpenSilver", "Runtime\Controls.Toolkit\Controls.Toolkit.OpenSilver.csproj", "{71CAB960-BF6E-4D55-93AD-04EDFBC00902}"
EndProject
Project("{9A19103F-16F7-4668-BE54-9A1E7A4F7556}") = "Controls.OpenSilver", "Runtime\Controls\Controls.OpenSilver.csproj", "{56D0BA59-DAC9-4054-ADC0-0767D883344F}"
EndProject
Project("{9A19103F-16F7-4668-BE54-9A1E7A4F7556}") = "Data.OpenSilver", "Runtime\Data\Data.OpenSilver.csproj", "{7684E7CE-C72C-42EC-94B4-CE77B2C7E9FD}"
EndProject
Project("{9A19103F-16F7-4668-BE54-9A1E7A4F7556}") = "Browser.OpenSilver", "Runtime\Browser\Browser.OpenSilver.csproj", "{5BE991C3-6E28-46D7-953D-94D5D4AC131D}"
EndProject
Project("{2150E333-8FDC-42A3-9474-1A3956D46DE8}") = "WebAssembly", "WebAssembly", "{14B7A75E-0BDD-45A3-A645-9FEABE7811E1}"
EndProject
Project("{9A19103F-16F7-4668-BE54-9A1E7A4F7556}") = "OpenSilver.WebAssembly", "WebAssembly\OpenSilver.WebAssembly\OpenSilver.WebAssembly.csproj", "{C57535EA-4837-4C68-B389-3E3E7F16DEF0}"
EndProject
Project("{9A19103F-16F7-4668-BE54-9A1E7A4F7556}") = "Compiler.SharedBuildTasks.OpenSilver", "Compiler\Compiler.SharedBuildTasks\Compiler.SharedBuildTasks.OpenSilver.csproj", "{839A56F5-C47E-4569-9A3A-9443EA8A262E}"
EndProject
Project("{2150E333-8FDC-42A3-9474-1A3956D46DE8}") = "Maui", "Maui", "{67E1D2D9-7BEC-4877-8063-856599E14B1D}"
EndProject
Project("{FAE04EC0-301F-11D3-BF4B-00C04F79EFBC}") = "OpenSilver.MauiHybrid", "Maui\Hybrid\OpenSilver.MauiHybrid.csproj", "{20251DFC-AF96-47D7-9E2E-907AE2257B1B}"
EndProject
Global
	GlobalSection(SolutionConfigurationPlatforms) = preSolution
		Debug|Any CPU = Debug|Any CPU
		Release|Any CPU = Release|Any CPU
	EndGlobalSection
	GlobalSection(ProjectConfigurationPlatforms) = postSolution
		{8643953F-8E1D-4D2B-AA27-A4B7A3EE7BB6}.Debug|Any CPU.ActiveCfg = Debug|Any CPU
		{8643953F-8E1D-4D2B-AA27-A4B7A3EE7BB6}.Debug|Any CPU.Build.0 = Debug|Any CPU
		{8643953F-8E1D-4D2B-AA27-A4B7A3EE7BB6}.Release|Any CPU.ActiveCfg = Release|Any CPU
		{8643953F-8E1D-4D2B-AA27-A4B7A3EE7BB6}.Release|Any CPU.Build.0 = Release|Any CPU
		{08B99C68-7208-4D10-AA38-50648819D263}.Debug|Any CPU.ActiveCfg = Debug|Any CPU
		{08B99C68-7208-4D10-AA38-50648819D263}.Debug|Any CPU.Build.0 = Debug|Any CPU
		{08B99C68-7208-4D10-AA38-50648819D263}.Release|Any CPU.ActiveCfg = Release|Any CPU
		{08B99C68-7208-4D10-AA38-50648819D263}.Release|Any CPU.Build.0 = Release|Any CPU
		{B7ACA232-04F0-4C6A-8557-B3882ED5AA0D}.Debug|Any CPU.ActiveCfg = Debug|Any CPU
		{B7ACA232-04F0-4C6A-8557-B3882ED5AA0D}.Debug|Any CPU.Build.0 = Debug|Any CPU
		{B7ACA232-04F0-4C6A-8557-B3882ED5AA0D}.Release|Any CPU.ActiveCfg = Release|Any CPU
		{B7ACA232-04F0-4C6A-8557-B3882ED5AA0D}.Release|Any CPU.Build.0 = Release|Any CPU
		{250A2AA5-FA15-4737-B9E3-73D224956E18}.Debug|Any CPU.ActiveCfg = Debug|Any CPU
		{250A2AA5-FA15-4737-B9E3-73D224956E18}.Debug|Any CPU.Build.0 = Debug|Any CPU
		{250A2AA5-FA15-4737-B9E3-73D224956E18}.Release|Any CPU.ActiveCfg = Release|Any CPU
		{250A2AA5-FA15-4737-B9E3-73D224956E18}.Release|Any CPU.Build.0 = Release|Any CPU
		{57BF1153-F7EB-4309-BD64-30C8559C1DE0}.Debug|Any CPU.ActiveCfg = Debug|Any CPU
		{57BF1153-F7EB-4309-BD64-30C8559C1DE0}.Debug|Any CPU.Build.0 = Debug|Any CPU
		{57BF1153-F7EB-4309-BD64-30C8559C1DE0}.Release|Any CPU.ActiveCfg = Release|Any CPU
		{57BF1153-F7EB-4309-BD64-30C8559C1DE0}.Release|Any CPU.Build.0 = Release|Any CPU
		{E64936C8-65F8-4062-9E7D-1282539716C1}.Debug|Any CPU.ActiveCfg = Debug|Any CPU
		{E64936C8-65F8-4062-9E7D-1282539716C1}.Debug|Any CPU.Build.0 = Debug|Any CPU
		{E64936C8-65F8-4062-9E7D-1282539716C1}.Release|Any CPU.ActiveCfg = Release|Any CPU
		{E64936C8-65F8-4062-9E7D-1282539716C1}.Release|Any CPU.Build.0 = Release|Any CPU
		{CCF50F06-3C8D-4C45-B95F-9106B2AAD27A}.Debug|Any CPU.ActiveCfg = Debug|Any CPU
		{CCF50F06-3C8D-4C45-B95F-9106B2AAD27A}.Debug|Any CPU.Build.0 = Debug|Any CPU
		{CCF50F06-3C8D-4C45-B95F-9106B2AAD27A}.Release|Any CPU.ActiveCfg = Release|Any CPU
		{CCF50F06-3C8D-4C45-B95F-9106B2AAD27A}.Release|Any CPU.Build.0 = Release|Any CPU
		{FC62D3D9-FE42-4200-B92B-B6E2364C168A}.Debug|Any CPU.ActiveCfg = Debug|Any CPU
		{FC62D3D9-FE42-4200-B92B-B6E2364C168A}.Debug|Any CPU.Build.0 = Debug|Any CPU
		{FC62D3D9-FE42-4200-B92B-B6E2364C168A}.Release|Any CPU.ActiveCfg = Release|Any CPU
		{FC62D3D9-FE42-4200-B92B-B6E2364C168A}.Release|Any CPU.Build.0 = Release|Any CPU
		{A23164C7-8137-4B39-8915-79B5A4988131}.Debug|Any CPU.ActiveCfg = Debug|Any CPU
		{A23164C7-8137-4B39-8915-79B5A4988131}.Debug|Any CPU.Build.0 = Debug|Any CPU
		{A23164C7-8137-4B39-8915-79B5A4988131}.Release|Any CPU.ActiveCfg = Release|Any CPU
		{A23164C7-8137-4B39-8915-79B5A4988131}.Release|Any CPU.Build.0 = Release|Any CPU
		{63141DA4-6018-40AB-A068-F9EB6C475A36}.Debug|Any CPU.ActiveCfg = Debug|Any CPU
		{63141DA4-6018-40AB-A068-F9EB6C475A36}.Debug|Any CPU.Build.0 = Debug|Any CPU
		{63141DA4-6018-40AB-A068-F9EB6C475A36}.Release|Any CPU.ActiveCfg = Release|Any CPU
		{63141DA4-6018-40AB-A068-F9EB6C475A36}.Release|Any CPU.Build.0 = Release|Any CPU
		{C5062405-2443-44BF-953D-2AC04CA49D10}.Debug|Any CPU.ActiveCfg = Debug|Any CPU
		{C5062405-2443-44BF-953D-2AC04CA49D10}.Debug|Any CPU.Build.0 = Debug|Any CPU
		{C5062405-2443-44BF-953D-2AC04CA49D10}.Release|Any CPU.ActiveCfg = Release|Any CPU
		{C5062405-2443-44BF-953D-2AC04CA49D10}.Release|Any CPU.Build.0 = Release|Any CPU
		{A22ADAC5-C4F8-44F6-9F57-E9F9D2AF6007}.Debug|Any CPU.ActiveCfg = Debug|Any CPU
		{A22ADAC5-C4F8-44F6-9F57-E9F9D2AF6007}.Debug|Any CPU.Build.0 = Debug|Any CPU
		{A22ADAC5-C4F8-44F6-9F57-E9F9D2AF6007}.Release|Any CPU.ActiveCfg = Release|Any CPU
		{A22ADAC5-C4F8-44F6-9F57-E9F9D2AF6007}.Release|Any CPU.Build.0 = Release|Any CPU
		{9410AE13-8A79-4653-B80D-126A7F39E512}.Debug|Any CPU.ActiveCfg = Debug|Any CPU
		{9410AE13-8A79-4653-B80D-126A7F39E512}.Debug|Any CPU.Build.0 = Debug|Any CPU
		{9410AE13-8A79-4653-B80D-126A7F39E512}.Release|Any CPU.ActiveCfg = Release|Any CPU
		{9410AE13-8A79-4653-B80D-126A7F39E512}.Release|Any CPU.Build.0 = Release|Any CPU
		{21CACBB9-664A-42C7-89AB-79D5A9335039}.Debug|Any CPU.ActiveCfg = Debug|Any CPU
		{21CACBB9-664A-42C7-89AB-79D5A9335039}.Debug|Any CPU.Build.0 = Debug|Any CPU
		{21CACBB9-664A-42C7-89AB-79D5A9335039}.Release|Any CPU.ActiveCfg = Release|Any CPU
		{21CACBB9-664A-42C7-89AB-79D5A9335039}.Release|Any CPU.Build.0 = Release|Any CPU
		{4B2AFEB2-D3D1-4558-93B3-D2D819B702CF}.Debug|Any CPU.ActiveCfg = Debug|Any CPU
		{4B2AFEB2-D3D1-4558-93B3-D2D819B702CF}.Debug|Any CPU.Build.0 = Debug|Any CPU
		{4B2AFEB2-D3D1-4558-93B3-D2D819B702CF}.Release|Any CPU.ActiveCfg = Release|Any CPU
		{4B2AFEB2-D3D1-4558-93B3-D2D819B702CF}.Release|Any CPU.Build.0 = Release|Any CPU
		{669220B6-BE26-4155-92C4-C8A635C0B8CC}.Debug|Any CPU.ActiveCfg = Debug|Any CPU
		{669220B6-BE26-4155-92C4-C8A635C0B8CC}.Debug|Any CPU.Build.0 = Debug|Any CPU
		{669220B6-BE26-4155-92C4-C8A635C0B8CC}.Release|Any CPU.ActiveCfg = Release|Any CPU
		{669220B6-BE26-4155-92C4-C8A635C0B8CC}.Release|Any CPU.Build.0 = Release|Any CPU
		{C4F356FB-A607-432C-A7F0-03399A08EDFA}.Debug|Any CPU.ActiveCfg = Debug|Any CPU
		{C4F356FB-A607-432C-A7F0-03399A08EDFA}.Debug|Any CPU.Build.0 = Debug|Any CPU
		{C4F356FB-A607-432C-A7F0-03399A08EDFA}.Release|Any CPU.ActiveCfg = Release|Any CPU
		{C4F356FB-A607-432C-A7F0-03399A08EDFA}.Release|Any CPU.Build.0 = Release|Any CPU
		{3DD381BC-FDB4-4495-B587-70215B4781A7}.Debug|Any CPU.ActiveCfg = Debug|Any CPU
		{3DD381BC-FDB4-4495-B587-70215B4781A7}.Release|Any CPU.ActiveCfg = Release|Any CPU
		{364AED94-6D67-4DF2-814A-E09709CB8D29}.Debug|Any CPU.ActiveCfg = Debug|Any CPU
		{364AED94-6D67-4DF2-814A-E09709CB8D29}.Release|Any CPU.ActiveCfg = Release|Any CPU
		{921697F8-E30D-4B4B-8E2E-56FB4F4FE448}.Debug|Any CPU.ActiveCfg = Debug|Any CPU
		{921697F8-E30D-4B4B-8E2E-56FB4F4FE448}.Release|Any CPU.ActiveCfg = Release|Any CPU
		{45C601D9-A208-4BB4-807B-4BF612FFE7EA}.Debug|Any CPU.ActiveCfg = Debug|Any CPU
		{45C601D9-A208-4BB4-807B-4BF612FFE7EA}.Debug|Any CPU.Build.0 = Debug|Any CPU
		{45C601D9-A208-4BB4-807B-4BF612FFE7EA}.Release|Any CPU.ActiveCfg = Release|Any CPU
		{45C601D9-A208-4BB4-807B-4BF612FFE7EA}.Release|Any CPU.Build.0 = Release|Any CPU
		{6F03E952-8F43-478E-8161-C843890914F2}.Debug|Any CPU.ActiveCfg = Debug|Any CPU
		{6F03E952-8F43-478E-8161-C843890914F2}.Debug|Any CPU.Build.0 = Debug|Any CPU
		{6F03E952-8F43-478E-8161-C843890914F2}.Release|Any CPU.ActiveCfg = Release|Any CPU
		{6F03E952-8F43-478E-8161-C843890914F2}.Release|Any CPU.Build.0 = Release|Any CPU
		{ECB5921C-C695-473B-88E3-0A002ED097BF}.Debug|Any CPU.ActiveCfg = Debug|Any CPU
		{ECB5921C-C695-473B-88E3-0A002ED097BF}.Debug|Any CPU.Build.0 = Debug|Any CPU
		{ECB5921C-C695-473B-88E3-0A002ED097BF}.Release|Any CPU.ActiveCfg = Release|Any CPU
		{ECB5921C-C695-473B-88E3-0A002ED097BF}.Release|Any CPU.Build.0 = Release|Any CPU
		{284011CE-D0C8-4552-8DDB-6833B5A8430A}.Debug|Any CPU.ActiveCfg = Debug|Any CPU
		{284011CE-D0C8-4552-8DDB-6833B5A8430A}.Debug|Any CPU.Build.0 = Debug|Any CPU
		{284011CE-D0C8-4552-8DDB-6833B5A8430A}.Release|Any CPU.ActiveCfg = Release|Any CPU
		{284011CE-D0C8-4552-8DDB-6833B5A8430A}.Release|Any CPU.Build.0 = Release|Any CPU
		{4D6CC22F-913A-49B0-B000-104354BE3D9F}.Debug|Any CPU.ActiveCfg = Debug|Any CPU
		{4D6CC22F-913A-49B0-B000-104354BE3D9F}.Debug|Any CPU.Build.0 = Debug|Any CPU
		{4D6CC22F-913A-49B0-B000-104354BE3D9F}.Release|Any CPU.ActiveCfg = Release|Any CPU
		{4D6CC22F-913A-49B0-B000-104354BE3D9F}.Release|Any CPU.Build.0 = Release|Any CPU
		{42C16695-610B-473A-A57B-ECCADECE9486}.Debug|Any CPU.ActiveCfg = Debug|Any CPU
		{42C16695-610B-473A-A57B-ECCADECE9486}.Debug|Any CPU.Build.0 = Debug|Any CPU
		{42C16695-610B-473A-A57B-ECCADECE9486}.Release|Any CPU.ActiveCfg = Release|Any CPU
		{42C16695-610B-473A-A57B-ECCADECE9486}.Release|Any CPU.Build.0 = Release|Any CPU
		{C9BE719E-CD7A-4605-97B6-AFA42FB1869C}.Debug|Any CPU.ActiveCfg = Debug|Any CPU
		{C9BE719E-CD7A-4605-97B6-AFA42FB1869C}.Debug|Any CPU.Build.0 = Debug|Any CPU
		{C9BE719E-CD7A-4605-97B6-AFA42FB1869C}.Release|Any CPU.ActiveCfg = Release|Any CPU
		{C9BE719E-CD7A-4605-97B6-AFA42FB1869C}.Release|Any CPU.Build.0 = Release|Any CPU
		{B2AEC374-2245-4861-AEA7-4286EDF64AA3}.Debug|Any CPU.ActiveCfg = Debug|Any CPU
		{B2AEC374-2245-4861-AEA7-4286EDF64AA3}.Debug|Any CPU.Build.0 = Debug|Any CPU
		{B2AEC374-2245-4861-AEA7-4286EDF64AA3}.Release|Any CPU.ActiveCfg = Release|Any CPU
		{B2AEC374-2245-4861-AEA7-4286EDF64AA3}.Release|Any CPU.Build.0 = Release|Any CPU
		{670BB6DE-C829-42FA-94A0-C2425681E0E7}.Debug|Any CPU.ActiveCfg = Debug|Any CPU
		{670BB6DE-C829-42FA-94A0-C2425681E0E7}.Debug|Any CPU.Build.0 = Debug|Any CPU
		{670BB6DE-C829-42FA-94A0-C2425681E0E7}.Release|Any CPU.ActiveCfg = Release|Any CPU
		{670BB6DE-C829-42FA-94A0-C2425681E0E7}.Release|Any CPU.Build.0 = Release|Any CPU
		{FE21FE5F-49F1-4EEF-BD4B-2D362440A971}.Debug|Any CPU.ActiveCfg = Debug|Any CPU
		{FE21FE5F-49F1-4EEF-BD4B-2D362440A971}.Debug|Any CPU.Build.0 = Debug|Any CPU
		{FE21FE5F-49F1-4EEF-BD4B-2D362440A971}.Release|Any CPU.ActiveCfg = Release|Any CPU
		{FE21FE5F-49F1-4EEF-BD4B-2D362440A971}.Release|Any CPU.Build.0 = Release|Any CPU
		{8BCB3961-6468-4CB7-A3E8-D0A4787D35B0}.Debug|Any CPU.ActiveCfg = Debug|Any CPU
		{8BCB3961-6468-4CB7-A3E8-D0A4787D35B0}.Debug|Any CPU.Build.0 = Debug|Any CPU
		{8BCB3961-6468-4CB7-A3E8-D0A4787D35B0}.Release|Any CPU.ActiveCfg = Release|Any CPU
		{8BCB3961-6468-4CB7-A3E8-D0A4787D35B0}.Release|Any CPU.Build.0 = Release|Any CPU
		{5317FD27-5087-497A-A497-3800167C42E6}.Debug|Any CPU.ActiveCfg = Debug|Any CPU
		{5317FD27-5087-497A-A497-3800167C42E6}.Debug|Any CPU.Build.0 = Debug|Any CPU
		{5317FD27-5087-497A-A497-3800167C42E6}.Release|Any CPU.ActiveCfg = Release|Any CPU
		{5317FD27-5087-497A-A497-3800167C42E6}.Release|Any CPU.Build.0 = Release|Any CPU
		{794B51BC-6312-446D-93D9-FD70A70676CF}.Debug|Any CPU.ActiveCfg = Debug|Any CPU
		{794B51BC-6312-446D-93D9-FD70A70676CF}.Debug|Any CPU.Build.0 = Debug|Any CPU
		{794B51BC-6312-446D-93D9-FD70A70676CF}.Release|Any CPU.ActiveCfg = Release|Any CPU
		{794B51BC-6312-446D-93D9-FD70A70676CF}.Release|Any CPU.Build.0 = Release|Any CPU
		{B11347ED-B4BB-4640-B848-32B452D0ECA1}.Debug|Any CPU.ActiveCfg = Debug|Any CPU
		{B11347ED-B4BB-4640-B848-32B452D0ECA1}.Debug|Any CPU.Build.0 = Debug|Any CPU
		{B11347ED-B4BB-4640-B848-32B452D0ECA1}.Release|Any CPU.ActiveCfg = Release|Any CPU
		{B11347ED-B4BB-4640-B848-32B452D0ECA1}.Release|Any CPU.Build.0 = Release|Any CPU
		{90059144-4971-4869-8B57-603F05C7B1D2}.Debug|Any CPU.ActiveCfg = Debug|Any CPU
		{90059144-4971-4869-8B57-603F05C7B1D2}.Debug|Any CPU.Build.0 = Debug|Any CPU
		{90059144-4971-4869-8B57-603F05C7B1D2}.Release|Any CPU.ActiveCfg = Release|Any CPU
		{90059144-4971-4869-8B57-603F05C7B1D2}.Release|Any CPU.Build.0 = Release|Any CPU
		{EDB7357E-C8EA-4271-B35F-B0423C46678C}.Debug|Any CPU.ActiveCfg = Debug|Any CPU
		{EDB7357E-C8EA-4271-B35F-B0423C46678C}.Debug|Any CPU.Build.0 = Debug|Any CPU
		{EDB7357E-C8EA-4271-B35F-B0423C46678C}.Release|Any CPU.ActiveCfg = Release|Any CPU
		{EDB7357E-C8EA-4271-B35F-B0423C46678C}.Release|Any CPU.Build.0 = Release|Any CPU
		{C86EC33C-3BF2-4997-A7AC-3B021049BC45}.Debug|Any CPU.ActiveCfg = Debug|Any CPU
		{C86EC33C-3BF2-4997-A7AC-3B021049BC45}.Debug|Any CPU.Build.0 = Debug|Any CPU
		{C86EC33C-3BF2-4997-A7AC-3B021049BC45}.Release|Any CPU.ActiveCfg = Release|Any CPU
		{C86EC33C-3BF2-4997-A7AC-3B021049BC45}.Release|Any CPU.Build.0 = Release|Any CPU
		{71CAB960-BF6E-4D55-93AD-04EDFBC00902}.Debug|Any CPU.ActiveCfg = Debug|Any CPU
		{71CAB960-BF6E-4D55-93AD-04EDFBC00902}.Debug|Any CPU.Build.0 = Debug|Any CPU
		{71CAB960-BF6E-4D55-93AD-04EDFBC00902}.Release|Any CPU.ActiveCfg = Release|Any CPU
		{71CAB960-BF6E-4D55-93AD-04EDFBC00902}.Release|Any CPU.Build.0 = Release|Any CPU
		{56D0BA59-DAC9-4054-ADC0-0767D883344F}.Debug|Any CPU.ActiveCfg = Debug|Any CPU
		{56D0BA59-DAC9-4054-ADC0-0767D883344F}.Debug|Any CPU.Build.0 = Debug|Any CPU
		{56D0BA59-DAC9-4054-ADC0-0767D883344F}.Release|Any CPU.ActiveCfg = Release|Any CPU
		{56D0BA59-DAC9-4054-ADC0-0767D883344F}.Release|Any CPU.Build.0 = Release|Any CPU
		{7684E7CE-C72C-42EC-94B4-CE77B2C7E9FD}.Debug|Any CPU.ActiveCfg = Debug|Any CPU
		{7684E7CE-C72C-42EC-94B4-CE77B2C7E9FD}.Debug|Any CPU.Build.0 = Debug|Any CPU
		{7684E7CE-C72C-42EC-94B4-CE77B2C7E9FD}.Release|Any CPU.ActiveCfg = Release|Any CPU
		{7684E7CE-C72C-42EC-94B4-CE77B2C7E9FD}.Release|Any CPU.Build.0 = Release|Any CPU
		{5BE991C3-6E28-46D7-953D-94D5D4AC131D}.Debug|Any CPU.ActiveCfg = Debug|Any CPU
		{5BE991C3-6E28-46D7-953D-94D5D4AC131D}.Debug|Any CPU.Build.0 = Debug|Any CPU
		{5BE991C3-6E28-46D7-953D-94D5D4AC131D}.Release|Any CPU.ActiveCfg = Release|Any CPU
		{5BE991C3-6E28-46D7-953D-94D5D4AC131D}.Release|Any CPU.Build.0 = Release|Any CPU
		{C57535EA-4837-4C68-B389-3E3E7F16DEF0}.Debug|Any CPU.ActiveCfg = Debug|Any CPU
		{C57535EA-4837-4C68-B389-3E3E7F16DEF0}.Debug|Any CPU.Build.0 = Debug|Any CPU
		{C57535EA-4837-4C68-B389-3E3E7F16DEF0}.Release|Any CPU.ActiveCfg = Release|Any CPU
		{C57535EA-4837-4C68-B389-3E3E7F16DEF0}.Release|Any CPU.Build.0 = Release|Any CPU
		{839A56F5-C47E-4569-9A3A-9443EA8A262E}.Debug|Any CPU.ActiveCfg = Debug|Any CPU
		{839A56F5-C47E-4569-9A3A-9443EA8A262E}.Debug|Any CPU.Build.0 = Debug|Any CPU
		{839A56F5-C47E-4569-9A3A-9443EA8A262E}.Release|Any CPU.ActiveCfg = Release|Any CPU
		{839A56F5-C47E-4569-9A3A-9443EA8A262E}.Release|Any CPU.Build.0 = Release|Any CPU
		{20251DFC-AF96-47D7-9E2E-907AE2257B1B}.Debug|Any CPU.ActiveCfg = Debug|Any CPU
		{20251DFC-AF96-47D7-9E2E-907AE2257B1B}.Debug|Any CPU.Build.0 = Debug|Any CPU
		{20251DFC-AF96-47D7-9E2E-907AE2257B1B}.Release|Any CPU.ActiveCfg = Release|Any CPU
		{20251DFC-AF96-47D7-9E2E-907AE2257B1B}.Release|Any CPU.Build.0 = Release|Any CPU
	EndGlobalSection
	GlobalSection(SolutionProperties) = preSolution
		HideSolutionNode = FALSE
	EndGlobalSection
	GlobalSection(NestedProjects) = preSolution
		{52638437-9208-48A1-9A47-0DCA9D53782D} = {8869C7C7-58A9-4FC1-A5EA-E303AE1807EB}
		{5E5F6FF7-239D-44A5-9E43-1A826207DE68} = {5CABE705-CE13-456F-B02E-977B59D964FA}
		{CBAC3493-1A39-44A9-8221-C5CD1F612105} = {5CABE705-CE13-456F-B02E-977B59D964FA}
		{7152D73A-E43C-401B-A5B2-1401B4CBB82F} = {5CABE705-CE13-456F-B02E-977B59D964FA}
		{CD0D2100-A9DA-40FC-AEFE-95FF823739D7} = {3731CAAC-26BC-476D-A6F5-B80507182818}
		{8643953F-8E1D-4D2B-AA27-A4B7A3EE7BB6} = {5CABE705-CE13-456F-B02E-977B59D964FA}
		{08B99C68-7208-4D10-AA38-50648819D263} = {5CABE705-CE13-456F-B02E-977B59D964FA}
		{B7ACA232-04F0-4C6A-8557-B3882ED5AA0D} = {5CABE705-CE13-456F-B02E-977B59D964FA}
		{250A2AA5-FA15-4737-B9E3-73D224956E18} = {5CABE705-CE13-456F-B02E-977B59D964FA}
		{57BF1153-F7EB-4309-BD64-30C8559C1DE0} = {5CABE705-CE13-456F-B02E-977B59D964FA}
		{E64936C8-65F8-4062-9E7D-1282539716C1} = {5CABE705-CE13-456F-B02E-977B59D964FA}
		{CCF50F06-3C8D-4C45-B95F-9106B2AAD27A} = {5CABE705-CE13-456F-B02E-977B59D964FA}
		{FC62D3D9-FE42-4200-B92B-B6E2364C168A} = {5CABE705-CE13-456F-B02E-977B59D964FA}
		{A23164C7-8137-4B39-8915-79B5A4988131} = {7152D73A-E43C-401B-A5B2-1401B4CBB82F}
		{63141DA4-6018-40AB-A068-F9EB6C475A36} = {7152D73A-E43C-401B-A5B2-1401B4CBB82F}
		{C5062405-2443-44BF-953D-2AC04CA49D10} = {7152D73A-E43C-401B-A5B2-1401B4CBB82F}
		{A22ADAC5-C4F8-44F6-9F57-E9F9D2AF6007} = {5E5F6FF7-239D-44A5-9E43-1A826207DE68}
		{9410AE13-8A79-4653-B80D-126A7F39E512} = {5E5F6FF7-239D-44A5-9E43-1A826207DE68}
		{21CACBB9-664A-42C7-89AB-79D5A9335039} = {52638437-9208-48A1-9A47-0DCA9D53782D}
		{4B2AFEB2-D3D1-4558-93B3-D2D819B702CF} = {52638437-9208-48A1-9A47-0DCA9D53782D}
		{669220B6-BE26-4155-92C4-C8A635C0B8CC} = {8869C7C7-58A9-4FC1-A5EA-E303AE1807EB}
		{C4F356FB-A607-432C-A7F0-03399A08EDFA} = {F63723D0-B919-44EF-A4D9-AA405B4538C5}
		{3DD381BC-FDB4-4495-B587-70215B4781A7} = {CD0D2100-A9DA-40FC-AEFE-95FF823739D7}
		{364AED94-6D67-4DF2-814A-E09709CB8D29} = {CD0D2100-A9DA-40FC-AEFE-95FF823739D7}
		{921697F8-E30D-4B4B-8E2E-56FB4F4FE448} = {CD0D2100-A9DA-40FC-AEFE-95FF823739D7}
		{45C601D9-A208-4BB4-807B-4BF612FFE7EA} = {3731CAAC-26BC-476D-A6F5-B80507182818}
		{B36BB24A-A915-4485-A69C-B0CE77EACA5A} = {5CABE705-CE13-456F-B02E-977B59D964FA}
		{6F03E952-8F43-478E-8161-C843890914F2} = {B36BB24A-A915-4485-A69C-B0CE77EACA5A}
		{ECB5921C-C695-473B-88E3-0A002ED097BF} = {5CABE705-CE13-456F-B02E-977B59D964FA}
		{284011CE-D0C8-4552-8DDB-6833B5A8430A} = {5CABE705-CE13-456F-B02E-977B59D964FA}
		{4D6CC22F-913A-49B0-B000-104354BE3D9F} = {5CABE705-CE13-456F-B02E-977B59D964FA}
		{42C16695-610B-473A-A57B-ECCADECE9486} = {5CABE705-CE13-456F-B02E-977B59D964FA}
		{C9BE719E-CD7A-4605-97B6-AFA42FB1869C} = {5CABE705-CE13-456F-B02E-977B59D964FA}
		{B2AEC374-2245-4861-AEA7-4286EDF64AA3} = {5CABE705-CE13-456F-B02E-977B59D964FA}
		{670BB6DE-C829-42FA-94A0-C2425681E0E7} = {5CABE705-CE13-456F-B02E-977B59D964FA}
		{FE21FE5F-49F1-4EEF-BD4B-2D362440A971} = {5CABE705-CE13-456F-B02E-977B59D964FA}
		{8BCB3961-6468-4CB7-A3E8-D0A4787D35B0} = {5CABE705-CE13-456F-B02E-977B59D964FA}
		{5317FD27-5087-497A-A497-3800167C42E6} = {5CABE705-CE13-456F-B02E-977B59D964FA}
		{794B51BC-6312-446D-93D9-FD70A70676CF} = {5CABE705-CE13-456F-B02E-977B59D964FA}
		{B11347ED-B4BB-4640-B848-32B452D0ECA1} = {5CABE705-CE13-456F-B02E-977B59D964FA}
		{90059144-4971-4869-8B57-603F05C7B1D2} = {5CABE705-CE13-456F-B02E-977B59D964FA}
		{EDB7357E-C8EA-4271-B35F-B0423C46678C} = {5CABE705-CE13-456F-B02E-977B59D964FA}
		{C86EC33C-3BF2-4997-A7AC-3B021049BC45} = {5CABE705-CE13-456F-B02E-977B59D964FA}
		{71CAB960-BF6E-4D55-93AD-04EDFBC00902} = {5CABE705-CE13-456F-B02E-977B59D964FA}
		{56D0BA59-DAC9-4054-ADC0-0767D883344F} = {5CABE705-CE13-456F-B02E-977B59D964FA}
		{7684E7CE-C72C-42EC-94B4-CE77B2C7E9FD} = {5CABE705-CE13-456F-B02E-977B59D964FA}
		{5BE991C3-6E28-46D7-953D-94D5D4AC131D} = {5CABE705-CE13-456F-B02E-977B59D964FA}
		{C57535EA-4837-4C68-B389-3E3E7F16DEF0} = {14B7A75E-0BDD-45A3-A645-9FEABE7811E1}
		{839A56F5-C47E-4569-9A3A-9443EA8A262E} = {8869C7C7-58A9-4FC1-A5EA-E303AE1807EB}
		{20251DFC-AF96-47D7-9E2E-907AE2257B1B} = {67E1D2D9-7BEC-4877-8063-856599E14B1D}
	EndGlobalSection
	GlobalSection(ExtensibilityGlobals) = postSolution
		SolutionGuid = {1FB0300F-DF9A-4DA8-9696-71A376DEA84B}
	EndGlobalSection
EndGlobal
